
Microsoft Visual Studio Solution File, Format Version 12.00
# Visual Studio 15
VisualStudioVersion = 15.0.28307.489
MinimumVisualStudioVersion = 10.0.40219.1
Project("{FAE04EC0-301F-11D3-BF4B-00C04F79EFBC}") = "UI", "Poss\UI\UI.csproj", "{6E22FE4E-E625-4FFC-806B-DE14F20971F7}"
EndProject
Project("{FAE04EC0-301F-11D3-BF4B-00C04F79EFBC}") = "DAL", "Poss\DAL\DAL.csproj", "{0F76B2FD-A129-411A-8722-687EC095AC92}"
EndProject
Project("{FAE04EC0-301F-11D3-BF4B-00C04F79EFBC}") = "BLL", "Poss\BLL\BLL.csproj", "{4BB83B55-0016-48C0-A240-713F92E82679}"
EndProject
Global
	GlobalSection(SolutionConfigurationPlatforms) = preSolution
		Debug|Any CPU = Debug|Any CPU
		Release|Any CPU = Release|Any CPU
	EndGlobalSection
	GlobalSection(ProjectConfigurationPlatforms) = postSolution
		{6E22FE4E-E625-4FFC-806B-DE14F20971F7}.Debug|Any CPU.ActiveCfg = Debug|Any CPU
		{6E22FE4E-E625-4FFC-806B-DE14F20971F7}.Debug|Any CPU.Build.0 = Debug|Any CPU
		{6E22FE4E-E625-4FFC-806B-DE14F20971F7}.Release|Any CPU.ActiveCfg = Release|Any CPU
		{6E22FE4E-E625-4FFC-806B-DE14F20971F7}.Release|Any CPU.Build.0 = Release|Any CPU
		{0F76B2FD-A129-411A-8722-687EC095AC92}.Debug|Any CPU.ActiveCfg = Debug|Any CPU
		{0F76B2FD-A129-411A-8722-687EC095AC92}.Debug|Any CPU.Build.0 = Debug|Any CPU
		{0F76B2FD-A129-411A-8722-687EC095AC92}.Release|Any CPU.ActiveCfg = Release|Any CPU
		{0F76B2FD-A129-411A-8722-687EC095AC92}.Release|Any CPU.Build.0 = Release|Any CPU
		{4BB83B55-0016-48C0-A240-713F92E82679}.Debug|Any CPU.ActiveCfg = Debug|Any CPU
		{4BB83B55-0016-48C0-A240-713F92E82679}.Debug|Any CPU.Build.0 = Debug|Any CPU
		{4BB83B55-0016-48C0-A240-713F92E82679}.Release|Any CPU.ActiveCfg = Release|Any CPU
		{4BB83B55-0016-48C0-A240-713F92E82679}.Release|Any CPU.Build.0 = Release|Any CPU
	EndGlobalSection
	GlobalSection(SolutionProperties) = preSolution
		HideSolutionNode = FALSE
	EndGlobalSection
	GlobalSection(ExtensibilityGlobals) = postSolution
		SolutionGuid = {0E3576BF-2EA9-4629-9234-5D46F98F6F03}
	EndGlobalSection
EndGlobal
